// !$*UTF8*$!
{
	archiveVersion = 1;
	classes = {
	};
	objectVersion = 56;
	objects = {

/* Begin PBXBuildFile section */
		16F73594DF86B1FDB9465A86 /* GoalService.swift in Sources */ = {isa = PBXBuildFile; fileRef = DECBAE912E208807006165FA /* GoalService.swift */; };
		1DB30A111875508D8275F5B2 /* MorningInsightsView.swift in Sources */ = {isa = PBXBuildFile; fileRef = DECBAE862E208470006165FA /* MorningInsightsView.swift */; };
		230B20828B259C8F24FACE16 /* HapticManager.swift in Sources */ = {isa = PBXBuildFile; fileRef = 04BB142738BDD51A22AF1EAE /* HapticManager.swift */; };
		DE5A23D52E1D93650057C770 /* NotificationService.swift in Sources */ = {isa = PBXBuildFile; fileRef = DE5A23D62E1D93650057C770 /* NotificationService.swift */; };
		3B34AAAB4F34087181BF1E6C /* HomeView.swift in Sources */ = {isa = PBXBuildFile; fileRef = C143B1AC6B4B71C0285A2C78 /* HomeView.swift */; };
		3D50A43CC5C4121887CCF87D /* EnhancedGoalOnboardingView.swift in Sources */ = {isa = PBXBuildFile; fileRef = DECBAE852E208470006165FA /* EnhancedGoalOnboardingView.swift */; };
		50A17AC52853E45F1686CA24 /* UserPreferencesService.swift in Sources */ = {isa = PBXBuildFile; fileRef = 61959A7F04534470F60A6A0C /* UserPreferencesService.swift */; };
		5A7CE3977AFB379A2F329B45 /* DevTools.swift in Sources */ = {isa = PBXBuildFile; fileRef = 7A8399C3B3036C0CB60F9BB2 /* DevTools.swift */; };
		5FA217ADA3EF469B75D320D4 /* InsightCard.swift in Sources */ = {isa = PBXBuildFile; fileRef = CF89FA407027FAC0DB6991D3 /* InsightCard.swift */; };
		640B99EBC320B4FD050A488B /* DaylioCheckInView.swift in Sources */ = {isa = PBXBuildFile; fileRef = 0A690CA9FFC1681847EB4811 /* DaylioCheckInView.swift */; };
		67CDB5065C59DF8D5D8FEE22 /* LaunchScreen.swift in Sources */ = {isa = PBXBuildFile; fileRef = 44C81C0AB69DB8223AC47EC6 /* LaunchScreen.swift */; };
		745FA8397E23D3E86F4BFF06 /* CheckIn.swift in Sources */ = {isa = PBXBuildFile; fileRef = E04FC0F00F7C4FD2C68F42D0 /* CheckIn.swift */; };
		979CCE68D337896C54654D68 /* WelcomeView.swift in Sources */ = {isa = PBXBuildFile; fileRef = 4D2E001531F4C959114D492E /* WelcomeView.swift */; };
		A06324E1E83262E6CA381503 /* PersonalDashboard.swift in Sources */ = {isa = PBXBuildFile; fileRef = 1A527C3AE2D8B782DC405495 /* PersonalDashboard.swift */; };
		AEBDABF49FE4BA343797517B /* AIChatView.swift in Sources */ = {isa = PBXBuildFile; fileRef = EBEAC99620A771B7C6F76E5F /* AIChatView.swift */; };
		AFE8F0232E15DF8400AED8CC /* CardView.swift in Sources */ = {isa = PBXBuildFile; fileRef = AFE8F0052E15DF8400AED8CC /* CardView.swift */; };
		AFE8F0262E15DF8400AED8CC /* PrimaryButton.swift in Sources */ = {isa = PBXBuildFile; fileRef = AFE8F0062E15DF8400AED8CC /* PrimaryButton.swift */; };
		AFE8F0302E15DF8400AED8CC /* Preview Assets.xcassets in Resources */ = {isa = PBXBuildFile; fileRef = AFE8F00B2E15DF8400AED8CC /* Preview Assets.xcassets */; };
		AFE8F0312E15DF8400AED8CC /* Preview Assets.xcassets in Resources */ = {isa = PBXBuildFile; fileRef = AFE8F00B2E15DF8400AED8CC /* Preview Assets.xcassets */; };
		AFE8F0382E15DF8400AED8CC /* Colors.swift in Sources */ = {isa = PBXBuildFile; fileRef = AFE8F0102E15DF8400AED8CC /* Colors.swift */; };
		AFE8F0492E15DF8400AED8CC /* Assets.xcassets in Resources */ = {isa = PBXBuildFile; fileRef = AFE8F0192E15DF8400AED8CC /* Assets.xcassets */; };
		AFE8F04C2E15DF8400AED8CC /* ContentView.swift in Sources */ = {isa = PBXBuildFile; fileRef = AFE8F01A2E15DF8400AED8CC /* ContentView.swift */; };
		AFE8F04D2E15DF8400AED8CC /* flectApp.swift in Sources */ = {isa = PBXBuildFile; fileRef = AFE8F01B2E15DF8400AED8CC /* flectApp.swift */; };
		B6DD8F5ACCB7C6EECC26B13E /* EnhancedLoadingView.swift in Sources */ = {isa = PBXBuildFile; fileRef = 8D55CEE3939B2D9B671880AC /* EnhancedLoadingView.swift */; };
		B75240E3EF8BD6E8ED41E1C2 /* CheckInService.swift in Sources */ = {isa = PBXBuildFile; fileRef = C22D415485D66649F54B994A /* CheckInService.swift */; };
		CF06556C08F00C529248FDCB /* OnboardingFlow.swift in Sources */ = {isa = PBXBuildFile; fileRef = B71069879E06A6EEA3753154 /* OnboardingFlow.swift */; };
		D2B4D6BA8A025846EB5227CE /* Goals.swift in Sources */ = {isa = PBXBuildFile; fileRef = BA32DBE16549416D678A5058 /* Goals.swift */; };
		D4E0787D309644A17A3A86F2 /* QuickCheckInView.swift in Sources */ = {isa = PBXBuildFile; fileRef = 4A2598EE87D03A28A69AF044 /* QuickCheckInView.swift */; };
		D88D99E34FD1A073AC977EF3 /* MoodChartView.swift in Sources */ = {isa = PBXBuildFile; fileRef = 2AC279E26BCC8E3922A0F77A /* MoodChartView.swift */; };
		DE5A23CE2E1D925E0057C770 /* Supabase in Frameworks */ = {isa = PBXBuildFile; productRef = AF5E43512E15C05000F1D345 /* Supabase */; };
		DECBAE562E20631E006165FA /* Colors.swift in Sources */ = {isa = PBXBuildFile; fileRef = AFE8F0102E15DF8400AED8CC /* Colors.swift */; };
		DECBAE572E20631E006165FA /* ContentView.swift in Sources */ = {isa = PBXBuildFile; fileRef = AFE8F01A2E15DF8400AED8CC /* ContentView.swift */; };
		DECBAE582E20631E006165FA /* CardView.swift in Sources */ = {isa = PBXBuildFile; fileRef = AFE8F0052E15DF8400AED8CC /* CardView.swift */; };
		DECBAE592E20631E006165FA /* flectApp.swift in Sources */ = {isa = PBXBuildFile; fileRef = AFE8F01B2E15DF8400AED8CC /* flectApp.swift */; };
		DECBAE5A2E20631E006165FA /* PrimaryButton.swift in Sources */ = {isa = PBXBuildFile; fileRef = AFE8F0062E15DF8400AED8CC /* PrimaryButton.swift */; };
		DECBAE5B2E20631E006165FA /* EnhancedLoadingView.swift in Sources */ = {isa = PBXBuildFile; fileRef = 8D55CEE3939B2D9B671880AC /* EnhancedLoadingView.swift */; };
		DECBAE5C2E20631E006165FA /* HapticManager.swift in Sources */ = {isa = PBXBuildFile; fileRef = 04BB142738BDD51A22AF1EAE /* HapticManager.swift */; };
		DECBAE5D2E20631E006165FA /* CheckIn.swift in Sources */ = {isa = PBXBuildFile; fileRef = E04FC0F00F7C4FD2C68F42D0 /* CheckIn.swift */; };
		DECBAE5E2E20631E006165FA /* InsightCard.swift in Sources */ = {isa = PBXBuildFile; fileRef = CF89FA407027FAC0DB6991D3 /* InsightCard.swift */; };
		DECBAE5F2E20631E006165FA /* QuickCheckInView.swift in Sources */ = {isa = PBXBuildFile; fileRef = 4A2598EE87D03A28A69AF044 /* QuickCheckInView.swift */; };
		DECBAE602E20631E006165FA /* LaunchScreen.swift in Sources */ = {isa = PBXBuildFile; fileRef = 44C81C0AB69DB8223AC47EC6 /* LaunchScreen.swift */; };
		DECBAE612E20631E006165FA /* DaylioCheckInView.swift in Sources */ = {isa = PBXBuildFile; fileRef = 0A690CA9FFC1681847EB4811 /* DaylioCheckInView.swift */; };
		DECBAE622E20631E006165FA /* MoodChartView.swift in Sources */ = {isa = PBXBuildFile; fileRef = 2AC279E26BCC8E3922A0F77A /* MoodChartView.swift */; };
		DECBAE632E20631E006165FA /* HomeView.swift in Sources */ = {isa = PBXBuildFile; fileRef = C143B1AC6B4B71C0285A2C78 /* HomeView.swift */; };
		DECBAE642E20631E006165FA /* CheckInService.swift in Sources */ = {isa = PBXBuildFile; fileRef = C22D415485D66649F54B994A /* CheckInService.swift */; };
		DECBAE652E20631E006165FA /* Colors.swift in Sources */ = {isa = PBXBuildFile; fileRef = AFE8F0102E15DF8400AED8CC /* Colors.swift */; };
		DECBAE662E20631E006165FA /* ContentView.swift in Sources */ = {isa = PBXBuildFile; fileRef = AFE8F01A2E15DF8400AED8CC /* ContentView.swift */; };
		DECBAE672E20631E006165FA /* CardView.swift in Sources */ = {isa = PBXBuildFile; fileRef = AFE8F0052E15DF8400AED8CC /* CardView.swift */; };
		DECBAE682E20631E006165FA /* flectApp.swift in Sources */ = {isa = PBXBuildFile; fileRef = AFE8F01B2E15DF8400AED8CC /* flectApp.swift */; };
		DECBAE692E20631E006165FA /* PrimaryButton.swift in Sources */ = {isa = PBXBuildFile; fileRef = AFE8F0062E15DF8400AED8CC /* PrimaryButton.swift */; };
		DECBAE6A2E20631E006165FA /* EnhancedLoadingView.swift in Sources */ = {isa = PBXBuildFile; fileRef = 8D55CEE3939B2D9B671880AC /* EnhancedLoadingView.swift */; };
		DECBAE6B2E20631E006165FA /* HapticManager.swift in Sources */ = {isa = PBXBuildFile; fileRef = 04BB142738BDD51A22AF1EAE /* HapticManager.swift */; };
		DECBAE6C2E20631E006165FA /* CheckIn.swift in Sources */ = {isa = PBXBuildFile; fileRef = E04FC0F00F7C4FD2C68F42D0 /* CheckIn.swift */; };
		DECBAE6D2E20631E006165FA /* InsightCard.swift in Sources */ = {isa = PBXBuildFile; fileRef = CF89FA407027FAC0DB6991D3 /* InsightCard.swift */; };
		DECBAE6E2E20631E006165FA /* QuickCheckInView.swift in Sources */ = {isa = PBXBuildFile; fileRef = 4A2598EE87D03A28A69AF044 /* QuickCheckInView.swift */; };
		DECBAE6F2E20631E006165FA /* LaunchScreen.swift in Sources */ = {isa = PBXBuildFile; fileRef = 44C81C0AB69DB8223AC47EC6 /* LaunchScreen.swift */; };
		DECBAE702E20631E006165FA /* DaylioCheckInView.swift in Sources */ = {isa = PBXBuildFile; fileRef = 0A690CA9FFC1681847EB4811 /* DaylioCheckInView.swift */; };
		DECBAE712E20631E006165FA /* MoodChartView.swift in Sources */ = {isa = PBXBuildFile; fileRef = 2AC279E26BCC8E3922A0F77A /* MoodChartView.swift */; };
		DECBAE722E20631E006165FA /* HomeView.swift in Sources */ = {isa = PBXBuildFile; fileRef = C143B1AC6B4B71C0285A2C78 /* HomeView.swift */; };
		DECBAE732E20631E006165FA /* CheckInService.swift in Sources */ = {isa = PBXBuildFile; fileRef = C22D415485D66649F54B994A /* CheckInService.swift */; };
		DECBAE752E206AC1006165FA /* (null) in Sources */ = {isa = PBXBuildFile; };
		DECBAE762E206AC1006165FA /* (null) in Sources */ = {isa = PBXBuildFile; };
		DECBAE792E206ACE006165FA /* (null) in Sources */ = {isa = PBXBuildFile; };
		DECBAE7A2E206ACE006165FA /* (null) in Sources */ = {isa = PBXBuildFile; };
		DECBAE7E2E206AE0006165FA /* HistoryView.swift in Sources */ = {isa = PBXBuildFile; fileRef = DECBAE7D2E206AE0006165FA /* HistoryView.swift */; };
		DECBAE7F2E206AE0006165FA /* GoalOnboardingView.swift in Sources */ = {isa = PBXBuildFile; fileRef = DECBAE7C2E206AE0006165FA /* GoalOnboardingView.swift */; };
		DECBAE802E206AE0006165FA /* HistoryView.swift in Sources */ = {isa = PBXBuildFile; fileRef = DECBAE7D2E206AE0006165FA /* HistoryView.swift */; };
		DECBAE812E206AE0006165FA /* GoalOnboardingView.swift in Sources */ = {isa = PBXBuildFile; fileRef = DECBAE7C2E206AE0006165FA /* GoalOnboardingView.swift */; };
		DECBAE822E206AE0006165FA /* HistoryView.swift in Sources */ = {isa = PBXBuildFile; fileRef = DECBAE7D2E206AE0006165FA /* HistoryView.swift */; };
		DECBAE832E206AE0006165FA /* GoalOnboardingView.swift in Sources */ = {isa = PBXBuildFile; fileRef = DECBAE7C2E206AE0006165FA /* GoalOnboardingView.swift */; };
		DECBAE872E208470006165FA /* EnhancedGoalOnboardingView.swift in Sources */ = {isa = PBXBuildFile; fileRef = DECBAE852E208470006165FA /* EnhancedGoalOnboardingView.swift */; };
		DECBAE882E208470006165FA /* MorningInsightsView.swift in Sources */ = {isa = PBXBuildFile; fileRef = DECBAE862E208470006165FA /* MorningInsightsView.swift */; };
		DECBAE8B2E208470006165FA /* EnhancedGoalOnboardingView.swift in Sources */ = {isa = PBXBuildFile; fileRef = DECBAE852E208470006165FA /* EnhancedGoalOnboardingView.swift */; };
		DECBAE8C2E208470006165FA /* MorningInsightsView.swift in Sources */ = {isa = PBXBuildFile; fileRef = DECBAE862E208470006165FA /* MorningInsightsView.swift */; };
		DECBAE8E2E2087FE006165FA /* Goals.swift in Sources */ = {isa = PBXBuildFile; fileRef = DECBAE8D2E2087FE006165FA /* Goals.swift */; };
		DECBAE8F2E2087FE006165FA /* Goals.swift in Sources */ = {isa = PBXBuildFile; fileRef = DECBAE8D2E2087FE006165FA /* Goals.swift */; };
		DECBAE902E2087FE006165FA /* Goals.swift in Sources */ = {isa = PBXBuildFile; fileRef = DECBAE8D2E2087FE006165FA /* Goals.swift */; };
		DECBAE922E208807006165FA /* GoalService.swift in Sources */ = {isa = PBXBuildFile; fileRef = DECBAE912E208807006165FA /* GoalService.swift */; };
		DECBAE932E208807006165FA /* GoalService.swift in Sources */ = {isa = PBXBuildFile; fileRef = DECBAE912E208807006165FA /* GoalService.swift */; };
		DECBAE942E208807006165FA /* GoalService.swift in Sources */ = {isa = PBXBuildFile; fileRef = DECBAE912E208807006165FA /* GoalService.swift */; };
		DEEBCE3C2E2178F9000630D1 /* SprintService.swift in Sources */ = {isa = PBXBuildFile; fileRef = DEEBCE3A2E2178F8000630D1 /* SprintService.swift */; };
		DEEBCE3D2E2178F9000630D1 /* TaskService.swift in Sources */ = {isa = PBXBuildFile; fileRef = DEEBCE3B2E2178F8000630D1 /* TaskService.swift */; };
		DEEBCE3E2E2178F9000630D1 /* SprintService.swift in Sources */ = {isa = PBXBuildFile; fileRef = DEEBCE3A2E2178F8000630D1 /* SprintService.swift */; };
		DEEBCE3F2E2178F9000630D1 /* TaskService.swift in Sources */ = {isa = PBXBuildFile; fileRef = DEEBCE3B2E2178F8000630D1 /* TaskService.swift */; };
		DEEBCE402E2178F9000630D1 /* SprintService.swift in Sources */ = {isa = PBXBuildFile; fileRef = DEEBCE3A2E2178F8000630D1 /* SprintService.swift */; };
		DEEBCE412E2178F9000630D1 /* TaskService.swift in Sources */ = {isa = PBXBuildFile; fileRef = DEEBCE3B2E2178F8000630D1 /* TaskService.swift */; };
		DEEBCE472E217913000630D1 /* SprintCreationView.swift in Sources */ = {isa = PBXBuildFile; fileRef = DEEBCE422E217913000630D1 /* SprintCreationView.swift */; };
		DEEBCE482E217913000630D1 /* SprintPlanningView.swift in Sources */ = {isa = PBXBuildFile; fileRef = DEEBCE432E217913000630D1 /* SprintPlanningView.swift */; };
		DEEBCE492E217913000630D1 /* SprintTrackingView.swift in Sources */ = {isa = PBXBuildFile; fileRef = DEEBCE442E217913000630D1 /* SprintTrackingView.swift */; };
		DEEBCE4A2E217913000630D1 /* TaskManagementView.swift in Sources */ = {isa = PBXBuildFile; fileRef = DEEBCE452E217913000630D1 /* TaskManagementView.swift */; };
		DEEBCE4B2E217913000630D1 /* WeeklyInsightsView.swift in Sources */ = {isa = PBXBuildFile; fileRef = DEEBCE462E217913000630D1 /* WeeklyInsightsView.swift */; };
		DEEBCE4C2E217914000630D1 /* SprintCreationView.swift in Sources */ = {isa = PBXBuildFile; fileRef = DEEBCE422E217913000630D1 /* SprintCreationView.swift */; };
		DEEBCE4D2E217914000630D1 /* SprintPlanningView.swift in Sources */ = {isa = PBXBuildFile; fileRef = DEEBCE432E217913000630D1 /* SprintPlanningView.swift */; };
		DEEBCE4E2E217914000630D1 /* SprintTrackingView.swift in Sources */ = {isa = PBXBuildFile; fileRef = DEEBCE442E217913000630D1 /* SprintTrackingView.swift */; };
		DEEBCE4F2E217914000630D1 /* TaskManagementView.swift in Sources */ = {isa = PBXBuildFile; fileRef = DEEBCE452E217913000630D1 /* TaskManagementView.swift */; };
		DEEBCE502E217914000630D1 /* WeeklyInsightsView.swift in Sources */ = {isa = PBXBuildFile; fileRef = DEEBCE462E217913000630D1 /* WeeklyInsightsView.swift */; };
		DEEBCE512E217914000630D1 /* SprintCreationView.swift in Sources */ = {isa = PBXBuildFile; fileRef = DEEBCE422E217913000630D1 /* SprintCreationView.swift */; };
		DEEBCE522E217914000630D1 /* SprintPlanningView.swift in Sources */ = {isa = PBXBuildFile; fileRef = DEEBCE432E217913000630D1 /* SprintPlanningView.swift */; };
		DEEBCE532E217914000630D1 /* SprintTrackingView.swift in Sources */ = {isa = PBXBuildFile; fileRef = DEEBCE442E217913000630D1 /* SprintTrackingView.swift */; };
		DEEBCE542E217914000630D1 /* TaskManagementView.swift in Sources */ = {isa = PBXBuildFile; fileRef = DEEBCE452E217913000630D1 /* TaskManagementView.swift */; };
		DEEBCE552E217914000630D1 /* WeeklyInsightsView.swift in Sources */ = {isa = PBXBuildFile; fileRef = DEEBCE462E217913000630D1 /* WeeklyInsightsView.swift */; };
		DEEBCE6C2E218082000630D1 /* SharedTypes.swift in Sources */ = {isa = PBXBuildFile; fileRef = DEEBCE6A2E218082000630D1 /* SharedTypes.swift */; };
		DEEBCE6D2E218082000630D1 /* Sprint.swift in Sources */ = {isa = PBXBuildFile; fileRef = DEEBCE6B2E218082000630D1 /* Sprint.swift */; };
		DEEBCE6E2E218082000630D1 /* SharedTypes.swift in Sources */ = {isa = PBXBuildFile; fileRef = DEEBCE6A2E218082000630D1 /* SharedTypes.swift */; };
		DEEBCE6F2E218082000630D1 /* Sprint.swift in Sources */ = {isa = PBXBuildFile; fileRef = DEEBCE6B2E218082000630D1 /* Sprint.swift */; };
		DEEBCE702E218082000630D1 /* SharedTypes.swift in Sources */ = {isa = PBXBuildFile; fileRef = DEEBCE6A2E218082000630D1 /* SharedTypes.swift */; };
		DEEBCE712E218082000630D1 /* Sprint.swift in Sources */ = {isa = PBXBuildFile; fileRef = DEEBCE6B2E218082000630D1 /* Sprint.swift */; };
		DEEBCE732E21A932000630D1 /* MultiStepCheckInView.swift in Sources */ = {isa = PBXBuildFile; fileRef = DEEBCE722E21A932000630D1 /* MultiStepCheckInView.swift */; };
		DEEBCE742E21A932000630D1 /* MultiStepCheckInView.swift in Sources */ = {isa = PBXBuildFile; fileRef = DEEBCE722E21A932000630D1 /* MultiStepCheckInView.swift */; };
		DEEBCE752E21A932000630D1 /* MultiStepCheckInView.swift in Sources */ = {isa = PBXBuildFile; fileRef = DEEBCE722E21A932000630D1 /* MultiStepCheckInView.swift */; };
		E20EA4D5E07C45D5C2D162DF /* PostSubmissionView.swift in Sources */ = {isa = PBXBuildFile; fileRef = 034DFDA98225EBF74F99A684 /* PostSubmissionView.swift */; };
		F15DC28F356DDD0F35191C76 /* FirstCheckInView.swift in Sources */ = {isa = PBXBuildFile; fileRef = 6A9FF1BC7043E3163D91A9DB /* FirstCheckInView.swift */; };
		PERSONALITY001ABCDEF123456 /* PersonalityProfile.swift in Sources */ = {isa = PBXBuildFile; fileRef = PERSONALITY001FILEREF123 /* PersonalityProfile.swift */; };
		PERSONALITY002ABCDEF123456 /* PersonalityQuizView.swift in Sources */ = {isa = PBXBuildFile; fileRef = PERSONALITY002FILEREF123 /* PersonalityQuizView.swift */; };
		PERSONALITY003ABCDEF123456 /* PersonalityProfile.swift in Sources */ = {isa = PBXBuildFile; fileRef = PERSONALITY001FILEREF123 /* PersonalityProfile.swift */; };
		PERSONALITY004ABCDEF123456 /* PersonalityQuizView.swift in Sources */ = {isa = PBXBuildFile; fileRef = PERSONALITY002FILEREF123 /* PersonalityQuizView.swift */; };
		PERSONALITY005ABCDEF123456 /* PersonalityProfile.swift in Sources */ = {isa = PBXBuildFile; fileRef = PERSONALITY001FILEREF123 /* PersonalityProfile.swift */; };
		PERSONALITY006ABCDEF123456 /* PersonalityQuizView.swift in Sources */ = {isa = PBXBuildFile; fileRef = PERSONALITY002FILEREF123 /* PersonalityQuizView.swift */; };
		TRIALPAYWALL01ABCDEF123456 /* TrialPaywallView.swift in Sources */ = {isa = PBXBuildFile; fileRef = TRIALPAYWALL01FILEREF123 /* TrialPaywallView.swift */; };
		TRIALPAYWALL02ABCDEF123456 /* TrialPaywallView.swift in Sources */ = {isa = PBXBuildFile; fileRef = TRIALPAYWALL01FILEREF123 /* TrialPaywallView.swift */; };
		TRIALPAYWALL03ABCDEF123456 /* TrialPaywallView.swift in Sources */ = {isa = PBXBuildFile; fileRef = TRIALPAYWALL01FILEREF123 /* TrialPaywallView.swift */; };
/* End PBXBuildFile section */

/* Begin PBXContainerItemProxy section */
		AF5E43382E15C04F00F1D345 /* PBXContainerItemProxy */ = {
			isa = PBXContainerItemProxy;
			containerPortal = AF5E431F2E15C04C00F1D345 /* Project object */;
			proxyType = 1;
			remoteGlobalIDString = AF5E43262E15C04C00F1D345;
			remoteInfo = flect;
		};
		AF5E43422E15C04F00F1D345 /* PBXContainerItemProxy */ = {
			isa = PBXContainerItemProxy;
			containerPortal = AF5E431F2E15C04C00F1D345 /* Project object */;
			proxyType = 1;
			remoteGlobalIDString = AF5E43262E15C04C00F1D345;
			remoteInfo = flect;
		};
/* End PBXContainerItemProxy section */

/* Begin PBXFileReference section */
		034DFDA98225EBF74F99A684 /* PostSubmissionView.swift */ = {isa = PBXFileReference; includeInIndex = 1; lastKnownFileType = sourcecode.swift; name = PostSubmissionView.swift; path = flect/Views/PostSubmissionView.swift; sourceTree = SOURCE_ROOT; };
		04BB142738BDD51A22AF1EAE /* HapticManager.swift */ = {isa = PBXFileReference; fileEncoding = 4; lastKnownFileType = sourcecode.swift; name = HapticManager.swift; path = flect/Utils/HapticManager.swift; sourceTree = SOURCE_ROOT; };
		DE5A23D62E1D93650057C770 /* NotificationService.swift */ = {isa = PBXFileReference; lastKnownFileType = sourcecode.swift; name = NotificationService.swift; path = flect/Services/NotificationService.swift; sourceTree = SOURCE_ROOT; };
		0A690CA9FFC1681847EB4811 /* DaylioCheckInView.swift */ = {isa = PBXFileReference; fileEncoding = 4; lastKnownFileType = sourcecode.swift; name = DaylioCheckInView.swift; path = flect/Views/DaylioCheckInView.swift; sourceTree = SOURCE_ROOT; };
		1A527C3AE2D8B782DC405495 /* PersonalDashboard.swift */ = {isa = PBXFileReference; includeInIndex = 1; lastKnownFileType = sourcecode.swift; name = PersonalDashboard.swift; path = flect/Views/PersonalDashboard.swift; sourceTree = "<group>"; };
		2ABA8C672F7EFFD1DC45B042 /* GoalService.swift */ = {isa = PBXFileReference; includeInIndex = 1; lastKnownFileType = sourcecode.swift; name = GoalService.swift; path = flect/Services/GoalService.swift; sourceTree = "<group>"; };
		2AC279E26BCC8E3922A0F77A /* MoodChartView.swift */ = {isa = PBXFileReference; fileEncoding = 4; lastKnownFileType = sourcecode.swift; name = MoodChartView.swift; path = flect/Views/MoodChartView.swift; sourceTree = SOURCE_ROOT; };
		44C81C0AB69DB8223AC47EC6 /* LaunchScreen.swift */ = {isa = PBXFileReference; fileEncoding = 4; lastKnownFileType = sourcecode.swift; name = LaunchScreen.swift; path = flect/Views/LaunchScreen.swift; sourceTree = SOURCE_ROOT; };
		4A2598EE87D03A28A69AF044 /* QuickCheckInView.swift */ = {isa = PBXFileReference; fileEncoding = 4; lastKnownFileType = sourcecode.swift; name = QuickCheckInView.swift; path = flect/Views/QuickCheckInView.swift; sourceTree = SOURCE_ROOT; };
		4D2E001531F4C959114D492E /* WelcomeView.swift */ = {isa = PBXFileReference; includeInIndex = 1; lastKnownFileType = sourcecode.swift; name = WelcomeView.swift; path = flect/Views/WelcomeView.swift; sourceTree = SOURCE_ROOT; };
		61959A7F04534470F60A6A0C /* UserPreferencesService.swift */ = {isa = PBXFileReference; includeInIndex = 1; lastKnownFileType = sourcecode.swift; name = UserPreferencesService.swift; path = flect/Services/UserPreferencesService.swift; sourceTree = SOURCE_ROOT; };
		6A9FF1BC7043E3163D91A9DB /* FirstCheckInView.swift */ = {isa = PBXFileReference; includeInIndex = 1; lastKnownFileType = sourcecode.swift; name = FirstCheckInView.swift; path = flect/Views/FirstCheckInView.swift; sourceTree = SOURCE_ROOT; };
		6d9f8ffe072324ae1fb42627 /* PersonalDashboard.swift */ = {isa = PBXFileReference; fileEncoding = 4; lastKnownFileType = sourcecode.swift; path = PersonalDashboard.swift; sourceTree = "<group>"; };
		7A8399C3B3036C0CB60F9BB2 /* DevTools.swift */ = {isa = PBXFileReference; includeInIndex = 1; lastKnownFileType = sourcecode.swift; name = DevTools.swift; path = flect/Utils/DevTools.swift; sourceTree = SOURCE_ROOT; };
		8D55CEE3939B2D9B671880AC /* EnhancedLoadingView.swift */ = {isa = PBXFileReference; fileEncoding = 4; lastKnownFileType = sourcecode.swift; name = EnhancedLoadingView.swift; path = flect/Components/EnhancedLoadingView.swift; sourceTree = SOURCE_ROOT; };
		AF5E43272E15C04C00F1D345 /* flect.app */ = {isa = PBXFileReference; explicitFileType = wrapper.application; includeInIndex = 0; path = flect.app; sourceTree = BUILT_PRODUCTS_DIR; };
		AF5E43372E15C04F00F1D345 /* flectTests.xctest */ = {isa = PBXFileReference; explicitFileType = wrapper.cfbundle; includeInIndex = 0; path = flectTests.xctest; sourceTree = BUILT_PRODUCTS_DIR; };
		AF5E43412E15C04F00F1D345 /* flectUITests.xctest */ = {isa = PBXFileReference; explicitFileType = wrapper.cfbundle; includeInIndex = 0; path = flectUITests.xctest; sourceTree = BUILT_PRODUCTS_DIR; };
		AF5E43452E15C04F00F1D345 /* flectUITests.swift */ = {isa = PBXFileReference; lastKnownFileType = sourcecode.swift; path = flectUITests.swift; sourceTree = "<group>"; };
		AF5E43472E15C04F00F1D345 /* flectUITestsLaunchTests.swift */ = {isa = PBXFileReference; lastKnownFileType = sourcecode.swift; path = flectUITestsLaunchTests.swift; sourceTree = "<group>"; };
		AFE8F0052E15DF8400AED8CC /* CardView.swift */ = {isa = PBXFileReference; fileEncoding = 4; lastKnownFileType = sourcecode.swift; name = CardView.swift; path = flect/Components/CardView.swift; sourceTree = SOURCE_ROOT; };
		AFE8F0062E15DF8400AED8CC /* PrimaryButton.swift */ = {isa = PBXFileReference; fileEncoding = 4; lastKnownFileType = sourcecode.swift; name = PrimaryButton.swift; path = flect/Components/PrimaryButton.swift; sourceTree = SOURCE_ROOT; };
		AFE8F00B2E15DF8400AED8CC /* Preview Assets.xcassets */ = {isa = PBXFileReference; lastKnownFileType = folder.assetcatalog; path = "Preview Assets.xcassets"; sourceTree = "<group>"; };
		AFE8F0102E15DF8400AED8CC /* Colors.swift */ = {isa = PBXFileReference; fileEncoding = 4; lastKnownFileType = sourcecode.swift; name = Colors.swift; path = flect/Utils/Colors.swift; sourceTree = SOURCE_ROOT; };
		AFE8F0192E15DF8400AED8CC /* Assets.xcassets */ = {isa = PBXFileReference; lastKnownFileType = folder.assetcatalog; path = Assets.xcassets; sourceTree = "<group>"; };
		AFE8F01A2E15DF8400AED8CC /* ContentView.swift */ = {isa = PBXFileReference; fileEncoding = 4; lastKnownFileType = sourcecode.swift; name = ContentView.swift; path = flect/ContentView.swift; sourceTree = SOURCE_ROOT; };
		AFE8F01B2E15DF8400AED8CC /* flectApp.swift */ = {isa = PBXFileReference; fileEncoding = 4; lastKnownFileType = sourcecode.swift; name = flectApp.swift; path = flect/flectApp.swift; sourceTree = SOURCE_ROOT; };
		AFE8F01F2E15DF8400AED8CC /* flectTests.swift */ = {isa = PBXFileReference; fileEncoding = 4; lastKnownFileType = sourcecode.swift; path = flectTests.swift; sourceTree = "<group>"; };
		B71069879E06A6EEA3753154 /* OnboardingFlow.swift */ = {isa = PBXFileReference; includeInIndex = 1; lastKnownFileType = sourcecode.swift; name = OnboardingFlow.swift; path = flect/Views/OnboardingFlow.swift; sourceTree = SOURCE_ROOT; };
		BA32DBE16549416D678A5058 /* Goals.swift */ = {isa = PBXFileReference; includeInIndex = 1; lastKnownFileType = sourcecode.swift; name = Goals.swift; path = flect/Models/Goals.swift; sourceTree = "<group>"; };
		C143B1AC6B4B71C0285A2C78 /* HomeView.swift */ = {isa = PBXFileReference; fileEncoding = 4; lastKnownFileType = sourcecode.swift; name = HomeView.swift; path = flect/Views/HomeView.swift; sourceTree = SOURCE_ROOT; };
		C22D415485D66649F54B994A /* CheckInService.swift */ = {isa = PBXFileReference; fileEncoding = 4; lastKnownFileType = sourcecode.swift; name = CheckInService.swift; path = flect/Services/CheckInService.swift; sourceTree = SOURCE_ROOT; };
		CF89FA407027FAC0DB6991D3 /* InsightCard.swift */ = {isa = PBXFileReference; fileEncoding = 4; lastKnownFileType = sourcecode.swift; name = InsightCard.swift; path = flect/Components/InsightCard.swift; sourceTree = SOURCE_ROOT; };
		DE5A23D42E1D93650057C770 /* Info.plist */ = {isa = PBXFileReference; lastKnownFileType = text.plist.xml; path = Info.plist; sourceTree = "<group>"; };
		DECBAE7C2E206AE0006165FA /* GoalOnboardingView.swift */ = {isa = PBXFileReference; lastKnownFileType = sourcecode.swift; name = GoalOnboardingView.swift; path = flect/Views/GoalOnboardingView.swift; sourceTree = SOURCE_ROOT; };
		DECBAE7D2E206AE0006165FA /* HistoryView.swift */ = {isa = PBXFileReference; lastKnownFileType = sourcecode.swift; name = HistoryView.swift; path = flect/Views/HistoryView.swift; sourceTree = SOURCE_ROOT; };
		DECBAE852E208470006165FA /* EnhancedGoalOnboardingView.swift */ = {isa = PBXFileReference; lastKnownFileType = sourcecode.swift; name = EnhancedGoalOnboardingView.swift; path = flect/Views/EnhancedGoalOnboardingView.swift; sourceTree = SOURCE_ROOT; };
		DECBAE862E208470006165FA /* MorningInsightsView.swift */ = {isa = PBXFileReference; lastKnownFileType = sourcecode.swift; name = MorningInsightsView.swift; path = flect/Views/MorningInsightsView.swift; sourceTree = SOURCE_ROOT; };
		DECBAE8D2E2087FE006165FA /* Goals.swift */ = {isa = PBXFileReference; lastKnownFileType = sourcecode.swift; name = Goals.swift; path = flect/Models/Goals.swift; sourceTree = SOURCE_ROOT; };
		DECBAE912E208807006165FA /* GoalService.swift */ = {isa = PBXFileReference; lastKnownFileType = sourcecode.swift; name = GoalService.swift; path = flect/Services/GoalService.swift; sourceTree = SOURCE_ROOT; };
		DEEBCE3A2E2178F8000630D1 /* SprintService.swift */ = {isa = PBXFileReference; lastKnownFileType = sourcecode.swift; name = SprintService.swift; path = flect/Services/SprintService.swift; sourceTree = SOURCE_ROOT; };
		DEEBCE3B2E2178F8000630D1 /* TaskService.swift */ = {isa = PBXFileReference; lastKnownFileType = sourcecode.swift; name = TaskService.swift; path = flect/Services/TaskService.swift; sourceTree = SOURCE_ROOT; };
		DEEBCE422E217913000630D1 /* SprintCreationView.swift */ = {isa = PBXFileReference; lastKnownFileType = sourcecode.swift; name = SprintCreationView.swift; path = flect/Views/SprintCreationView.swift; sourceTree = SOURCE_ROOT; };
		DEEBCE432E217913000630D1 /* SprintPlanningView.swift */ = {isa = PBXFileReference; lastKnownFileType = sourcecode.swift; name = SprintPlanningView.swift; path = flect/Views/SprintPlanningView.swift; sourceTree = SOURCE_ROOT; };
		DEEBCE442E217913000630D1 /* SprintTrackingView.swift */ = {isa = PBXFileReference; lastKnownFileType = sourcecode.swift; name = SprintTrackingView.swift; path = flect/Views/SprintTrackingView.swift; sourceTree = SOURCE_ROOT; };
		DEEBCE452E217913000630D1 /* TaskManagementView.swift */ = {isa = PBXFileReference; lastKnownFileType = sourcecode.swift; name = TaskManagementView.swift; path = flect/Views/TaskManagementView.swift; sourceTree = SOURCE_ROOT; };
		DEEBCE462E217913000630D1 /* WeeklyInsightsView.swift */ = {isa = PBXFileReference; lastKnownFileType = sourcecode.swift; name = WeeklyInsightsView.swift; path = flect/Views/WeeklyInsightsView.swift; sourceTree = SOURCE_ROOT; };
		DEEBCE6A2E218082000630D1 /* SharedTypes.swift */ = {isa = PBXFileReference; lastKnownFileType = sourcecode.swift; name = SharedTypes.swift; path = flect/Models/SharedTypes.swift; sourceTree = SOURCE_ROOT; };
		DEEBCE6B2E218082000630D1 /* Sprint.swift */ = {isa = PBXFileReference; lastKnownFileType = sourcecode.swift; name = Sprint.swift; path = flect/Models/Sprint.swift; sourceTree = SOURCE_ROOT; };
		DEEBCE722E21A932000630D1 /* MultiStepCheckInView.swift */ = {isa = PBXFileReference; lastKnownFileType = sourcecode.swift; name = MultiStepCheckInView.swift; path = flect/Views/MultiStepCheckInView.swift; sourceTree = SOURCE_ROOT; };
		E04FC0F00F7C4FD2C68F42D0 /* CheckIn.swift */ = {isa = PBXFileReference; fileEncoding = 4; lastKnownFileType = sourcecode.swift; name = CheckIn.swift; path = flect/Models/CheckIn.swift; sourceTree = SOURCE_ROOT; };
		EBEAC99620A771B7C6F76E5F /* AIChatView.swift */ = {isa = PBXFileReference; includeInIndex = 1; lastKnownFileType = sourcecode.swift; name = AIChatView.swift; path = flect/Views/AIChatView.swift; sourceTree = SOURCE_ROOT; };
		PERSONALITY001FILEREF123 /* PersonalityProfile.swift */ = {isa = PBXFileReference; includeInIndex = 1; lastKnownFileType = sourcecode.swift; name = PersonalityProfile.swift; path = flect/Models/PersonalityProfile.swift; sourceTree = SOURCE_ROOT; };
		PERSONALITY002FILEREF123 /* PersonalityQuizView.swift */ = {isa = PBXFileReference; includeInIndex = 1; lastKnownFileType = sourcecode.swift; name = PersonalityQuizView.swift; path = flect/Views/PersonalityQuizView.swift; sourceTree = SOURCE_ROOT; };
		TRIALPAYWALL01FILEREF123 /* TrialPaywallView.swift */ = {isa = PBXFileReference; includeInIndex = 1; lastKnownFileType = sourcecode.swift; name = TrialPaywallView.swift; path = flect/Views/TrialPaywallView.swift; sourceTree = SOURCE_ROOT; };
/* End PBXFileReference section */

/* Begin PBXFrameworksBuildPhase section */
		AF5E43242E15C04C00F1D345 /* Frameworks */ = {
			isa = PBXFrameworksBuildPhase;
			buildActionMask = 2147483647;
			files = (
				DE5A23CE2E1D925E0057C770 /* Supabase in Frameworks */,
			);
			runOnlyForDeploymentPostprocessing = 0;
		};
		AF5E43342E15C04F00F1D345 /* Frameworks */ = {
			isa = PBXFrameworksBuildPhase;
			buildActionMask = 2147483647;
			files = (
			);
			runOnlyForDeploymentPostprocessing = 0;
		};
		AF5E433E2E15C04F00F1D345 /* Frameworks */ = {
			isa = PBXFrameworksBuildPhase;
			buildActionMask = 2147483647;
			files = (
			);
			runOnlyForDeploymentPostprocessing = 0;
		};
/* End PBXFrameworksBuildPhase section */

/* Begin PBXGroup section */
		AF5E431E2E15C04C00F1D345 = {
			isa = PBXGroup;
			children = (
				AFE8F0222E15DF8400AED8CC /* flectTests */,
				AF5E43442E15C04F00F1D345 /* flectUITests */,
				AFE8F01D2E15DF8400AED8CC /* flect */,
				AF5E43282E15C04C00F1D345 /* Products */,
				1A527C3AE2D8B782DC405495 /* PersonalDashboard.swift */
			);
			sourceTree = "<group>";
		};
		AF5E43282E15C04C00F1D345 /* Products */ = {
			isa = PBXGroup;
			children = (
				AF5E43272E15C04C00F1D345 /* flect.app */,
				AF5E43372E15C04F00F1D345 /* flectTests.xctest */,
				AF5E43412E15C04F00F1D345 /* flectUITests.xctest */,
			);
			sourceTree = "<group>";
		};
		AF5E43442E15C04F00F1D345 /* flectUITests */ = {
			isa = PBXGroup;
			children = (
				AF5E43452E15C04F00F1D345 /* flectUITests.swift */,
				AF5E43472E15C04F00F1D345 /* flectUITestsLaunchTests.swift */,
			);
			path = flectUITests;
			sourceTree = "<group>";
		};
		AFE8F0072E15DF8400AED8CC /* Components */ = {
			isa = PBXGroup;
			children = (
				AFE8F0052E15DF8400AED8CC /* CardView.swift */,
				AFE8F0062E15DF8400AED8CC /* PrimaryButton.swift */,
				8D55CEE3939B2D9B671880AC /* EnhancedLoadingView.swift */,
				CF89FA407027FAC0DB6991D3 /* InsightCard.swift */,
			);
			path = Components;
			sourceTree = "<group>";
		};
		AFE8F00A2E15DF8400AED8CC /* Models */ = {
			isa = PBXGroup;
			children = (
				DEEBCE6A2E218082000630D1 /* SharedTypes.swift */,
				DEEBCE6B2E218082000630D1 /* Sprint.swift */,
				DECBAE8D2E2087FE006165FA /* Goals.swift */,
				E04FC0F00F7C4FD2C68F42D0 /* CheckIn.swift */,
				PERSONALITY001FILEREF123 /* PersonalityProfile.swift */,
			);
			path = Models;
			sourceTree = "<group>";
		};
		AFE8F00C2E15DF8400AED8CC /* Preview Content */ = {
			isa = PBXGroup;
			children = (
				AFE8F00B2E15DF8400AED8CC /* Preview Assets.xcassets */,
			);
			path = "Preview Content";
			sourceTree = "<group>";
		};
		AFE8F00F2E15DF8400AED8CC /* Services */ = {
			isa = PBXGroup;
			children = (
				C22D415485D66649F54B994A /* CheckInService.swift */,
				DECBAE912E208807006165FA /* GoalService.swift */,
				DE5A23D62E1D93650057C770 /* NotificationService.swift */,
				61959A7F04534470F60A6A0C /* UserPreferencesService.swift */,
				DEEBCE3A2E2178F8000630D1 /* SprintService.swift */,
				DEEBCE3B2E2178F8000630D1 /* TaskService.swift */
			);
			path = Services;
			sourceTree = "<group>";
		};
		AFE8F0112E15DF8400AED8CC /* Utils */ = {
			isa = PBXGroup;
			children = (
				AFE8F0102E15DF8400AED8CC /* Colors.swift */,
				7A8399C3B3036C0CB60F9BB2 /* DevTools.swift */,
				04BB142738BDD51A22AF1EAE /* HapticManager.swift */
			);
			path = Utils;
			sourceTree = "<group>";
		};
		AFE8F0132E15DF8400AED8CC /* ViewModels */ = {
			isa = PBXGroup;
			children = (
			);
			path = ViewModels;
			sourceTree = "<group>";
		};
		AFE8F01C2E15DF8400AED8CC /* Views */ = {
			isa = PBXGroup;
			children = (
				EBEAC99620A771B7C6F76E5F /* AIChatView.swift */,
				0A690CA9FFC1681847EB4811 /* DaylioCheckInView.swift */,
				DECBAE852E208470006165FA /* EnhancedGoalOnboardingView.swift */,
				6A9FF1BC7043E3163D91A9DB /* FirstCheckInView.swift */,
				DECBAE7C2E206AE0006165FA /* GoalOnboardingView.swift */,
				DECBAE7D2E206AE0006165FA /* HistoryView.swift */,
				C143B1AC6B4B71C0285A2C78 /* HomeView.swift */,
				44C81C0AB69DB8223AC47EC6 /* LaunchScreen.swift */,
				2AC279E26BCC8E3922A0F77A /* MoodChartView.swift */,
				DECBAE862E208470006165FA /* MorningInsightsView.swift */,
				DEEBCE722E21A932000630D1 /* MultiStepCheckInView.swift */,
				B71069879E06A6EEA3753154 /* OnboardingFlow.swift */,
				1A527C3AE2D8B782DC405495 /* PersonalDashboard.swift */,
				PERSONALITY002FILEREF123 /* PersonalityQuizView.swift */,
				034DFDA98225EBF74F99A684 /* PostSubmissionView.swift */,
				4A2598EE87D03A28A69AF044 /* QuickCheckInView.swift */,
				DEEBCE422E217913000630D1 /* SprintCreationView.swift */,
				DEEBCE432E217913000630D1 /* SprintPlanningView.swift */,
				DEEBCE442E217913000630D1 /* SprintTrackingView.swift */,
				DEEBCE452E217913000630D1 /* TaskManagementView.swift */,
				TRIALPAYWALL01FILEREF123 /* TrialPaywallView.swift */,
				DEEBCE462E217913000630D1 /* WeeklyInsightsView.swift */,
				4D2E001531F4C959114D492E /* WelcomeView.swift */
			);
			path = Views;
			sourceTree = "<group>";
		};
		AFE8F01D2E15DF8400AED8CC /* flect */ = {
			isa = PBXGroup;
			children = (
				AFE8F0192E15DF8400AED8CC /* Assets.xcassets */,
				AFE8F01A2E15DF8400AED8CC /* ContentView.swift */,
				AFE8F01B2E15DF8400AED8CC /* flectApp.swift */,
				DE5A23D42E1D93650057C770 /* Info.plist */,
				AFE8F00A2E15DF8400AED8CC /* Preview Content */,
				AFE8F0042E15DF8400AED8CC /* Components */,
				AFE8F0052E15DF8400AED8CC /* Models */,
				AFE8F0062E15DF8400AED8CC /* Services */,
				AFE8F0072E15DF8400AED8CC /* Utils */,
				AFE8F0082E15DF8400AED8CC /* Views */
			);
			path = flect;
			sourceTree = "<group>";
		};
		AFE8F0222E15DF8400AED8CC /* flectTests */ = {
			isa = PBXGroup;
			children = (
				AFE8F01F2E15DF8400AED8CC /* flectTests.swift */,
			);
			path = flectTests;
			sourceTree = "<group>";
		};
/* End PBXGroup section */

/* Begin PBXNativeTarget section */
		AF5E43262E15C04C00F1D345 /* flect */ = {
			isa = PBXNativeTarget;
			buildConfigurationList = AF5E434B2E15C04F00F1D345 /* Build configuration list for PBXNativeTarget "flect" */;
			buildPhases = (
				AF5E43232E15C04C00F1D345 /* Sources */,
				AF5E43242E15C04C00F1D345 /* Frameworks */,
				AF5E43252E15C04C00F1D345 /* Resources */,
			);
			buildRules = (
			);
			dependencies = (
			);
			name = flect;
			packageProductDependencies = (
				AF5E43512E15C05000F1D345 /* Supabase */,
			);
			productName = flect;
			productReference = AF5E43272E15C04C00F1D345 /* flect.app */;
			productType = "com.apple.product-type.application";
		};
		AF5E43362E15C04F00F1D345 /* flectTests */ = {
			isa = PBXNativeTarget;
			buildConfigurationList = AF5E434E2E15C04F00F1D345 /* Build configuration list for PBXNativeTarget "flectTests" */;
			buildPhases = (
				AF5E43332E15C04F00F1D345 /* Sources */,
				AF5E43342E15C04F00F1D345 /* Frameworks */,
				AF5E43352E15C04F00F1D345 /* Resources */,
			);
			buildRules = (
			);
			dependencies = (
				AF5E43392E15C04F00F1D345 /* PBXTargetDependency */,
			);
			name = flectTests;
			productName = flectTests;
			productReference = AF5E43372E15C04F00F1D345 /* flectTests.xctest */;
			productType = "com.apple.product-type.bundle.unit-test";
		};
		AF5E43402E15C04F00F1D345 /* flectUITests */ = {
			isa = PBXNativeTarget;
			buildConfigurationList = AF5E43512E15C04F00F1D345 /* Build configuration list for PBXNativeTarget "flectUITests" */;
			buildPhases = (
				AF5E433D2E15C04F00F1D345 /* Sources */,
				AF5E433E2E15C04F00F1D345 /* Frameworks */,
				AF5E433F2E15C04F00F1D345 /* Resources */,
			);
			buildRules = (
			);
			dependencies = (
				AF5E43432E15C04F00F1D345 /* PBXTargetDependency */,
			);
			name = flectUITests;
			productName = flectUITests;
			productReference = AF5E43412E15C04F00F1D345 /* flectUITests.xctest */;
			productType = "com.apple.product-type.bundle.ui-testing";
		};
/* End PBXNativeTarget section */

/* Begin PBXProject section */
		AF5E431F2E15C04C00F1D345 /* Project object */ = {
			isa = PBXProject;
			attributes = {
				BuildIndependentTargetsInParallel = 1;
				LastSwiftUpdateCheck = 1540;
				LastUpgradeCheck = 1640;
				TargetAttributes = {
					AF5E43262E15C04C00F1D345 = {
						CreatedOnToolsVersion = 15.4;
					};
					AF5E43362E15C04F00F1D345 = {
						CreatedOnToolsVersion = 15.4;
						TestTargetID = AF5E43262E15C04C00F1D345;
					};
					AF5E43402E15C04F00F1D345 = {
						CreatedOnToolsVersion = 15.4;
						TestTargetID = AF5E43262E15C04C00F1D345;
					};
				};
			};
			buildConfigurationList = AF5E43222E15C04C00F1D345 /* Build configuration list for PBXProject "flect" */;
			compatibilityVersion = "Xcode 14.0";
			developmentRegion = en;
			hasScannedForEncodings = 0;
			knownRegions = (
				en,
				Base,
			);
			mainGroup = AF5E431E2E15C04C00F1D345;
			packageReferences = (
				AF5E43502E15C05000F1D345 /* XCRemoteSwiftPackageReference "supabase-swift" */,
			);
			productRefGroup = AF5E43282E15C04C00F1D345 /* Products */;
			projectDirPath = "";
			projectRoot = "";
			targets = (
				AF5E43262E15C04C00F1D345 /* flect */,
				AF5E43362E15C04F00F1D345 /* flectTests */,
				AF5E43402E15C04F00F1D345 /* flectUITests */,
			);
		};
/* End PBXProject section */

/* Begin PBXResourcesBuildPhase section */
		AF5E43252E15C04C00F1D345 /* Resources */ = {
			isa = PBXResourcesBuildPhase;
			buildActionMask = 2147483647;
			files = (
			);
			runOnlyForDeploymentPostprocessing = 0;
		};
		AF5E43352E15C04F00F1D345 /* Resources */ = {
			isa = PBXResourcesBuildPhase;
			buildActionMask = 2147483647;
			files = (
				AFE8F0302E15DF8400AED8CC /* Preview Assets.xcassets in Resources */,
			);
			runOnlyForDeploymentPostprocessing = 0;
		};
		AF5E433F2E15C04F00F1D345 /* Resources */ = {
			isa = PBXResourcesBuildPhase;
			buildActionMask = 2147483647;
			files = (
				AFE8F0492E15DF8400AED8CC /* Assets.xcassets in Resources */,
				AFE8F0312E15DF8400AED8CC /* Preview Assets.xcassets in Resources */,
			);
			runOnlyForDeploymentPostprocessing = 0;
		};
/* End PBXResourcesBuildPhase section */

/* Begin PBXSourcesBuildPhase section */
		AF5E43232E15C04C00F1D345 /* Sources */ = {
			isa = PBXSourcesBuildPhase;
			buildActionMask = 2147483647;
			files = (
				DE5A23D52E1D93650057C770 /* NotificationService.swift in Sources */,
				AFE8F0382E15DF8400AED8CC /* Colors.swift in Sources */,
				DEEBCE402E2178F9000630D1 /* SprintService.swift in Sources */,
				DEEBCE412E2178F9000630D1 /* TaskService.swift in Sources */,
				DECBAE802E206AE0006165FA /* HistoryView.swift in Sources */,
				DECBAE812E206AE0006165FA /* GoalOnboardingView.swift in Sources */,
				AFE8F04C2E15DF8400AED8CC /* ContentView.swift in Sources */,
				AFE8F0232E15DF8400AED8CC /* CardView.swift in Sources */,
				DECBAE8F2E2087FE006165FA /* Goals.swift in Sources */,
				AFE8F04D2E15DF8400AED8CC /* flectApp.swift in Sources */,
				DEEBCE702E218082000630D1 /* SharedTypes.swift in Sources */,
				DEEBCE712E218082000630D1 /* Sprint.swift in Sources */,
				DEEBCE472E217913000630D1 /* SprintCreationView.swift in Sources */,
				DEEBCE482E217913000630D1 /* SprintPlanningView.swift in Sources */,
				DEEBCE492E217913000630D1 /* SprintTrackingView.swift in Sources */,
				DEEBCE4A2E217913000630D1 /* TaskManagementView.swift in Sources */,
				DEEBCE4B2E217913000630D1 /* WeeklyInsightsView.swift in Sources */,
				AFE8F0262E15DF8400AED8CC /* PrimaryButton.swift in Sources */,
				67CDB5065C59DF8D5D8FEE22 /* LaunchScreen.swift in Sources */,
				640B99EBC320B4FD050A488B /* DaylioCheckInView.swift in Sources */,
				D88D99E34FD1A073AC977EF3 /* MoodChartView.swift in Sources */,
				3B34AAAB4F34087181BF1E6C /* HomeView.swift in Sources */,
				A06324E1E83262E6CA381503 /* PersonalDashboard.swift in Sources */,
				D2B4D6BA8A025846EB5227CE /* Goals.swift in Sources */,
				16F73594DF86B1FDB9465A86 /* GoalService.swift in Sources */,
				745FA8397E23D3E86F4BFF06 /* CheckIn.swift in Sources */,
				5FA217ADA3EF469B75D320D4 /* InsightCard.swift in Sources */,
				B75240E3EF8BD6E8ED41E1C2 /* CheckInService.swift in Sources */,
				DECBAE932E208807006165FA /* GoalService.swift in Sources */,
				D4E0787D309644A17A3A86F2 /* QuickCheckInView.swift in Sources */,
				1DB30A111875508D8275F5B2 /* MorningInsightsView.swift in Sources */,
				3D50A43CC5C4121887CCF87D /* EnhancedGoalOnboardingView.swift in Sources */,
				E20EA4D5E07C45D5C2D162DF /* PostSubmissionView.swift in Sources */,
				AEBDABF49FE4BA343797517B /* AIChatView.swift in Sources */,
				230B20828B259C8F24FACE16 /* HapticManager.swift in Sources */,
				B6DD8F5ACCB7C6EECC26B13E /* EnhancedLoadingView.swift in Sources */,
				979CCE68D337896C54654D68 /* WelcomeView.swift in Sources */,
				CF06556C08F00C529248FDCB /* OnboardingFlow.swift in Sources */,
				F15DC28F356DDD0F35191C76 /* FirstCheckInView.swift in Sources */,
				5A7CE3977AFB379A2F329B45 /* DevTools.swift in Sources */,
				50A17AC52853E45F1686CA24 /* UserPreferencesService.swift in Sources */,
				DEEBCE732E21A932000630D1 /* MultiStepCheckInView.swift in Sources */,
				PERSONALITY001ABCDEF123456 /* PersonalityProfile.swift in Sources */,
				PERSONALITY002ABCDEF123456 /* PersonalityQuizView.swift in Sources */,
				TRIALPAYWALL01ABCDEF123456 /* TrialPaywallView.swift in Sources */,
			);
			runOnlyForDeploymentPostprocessing = 0;
		};
		AF5E43332E15C04F00F1D345 /* Sources */ = {
			isa = PBXSourcesBuildPhase;
			buildActionMask = 2147483647;
			files = (
				DECBAE562E20631E006165FA /* Colors.swift in Sources */,
				DECBAE822E206AE0006165FA /* HistoryView.swift in Sources */,
				DECBAE832E206AE0006165FA /* GoalOnboardingView.swift in Sources */,
				DECBAE572E20631E006165FA /* ContentView.swift in Sources */,
				DECBAE582E20631E006165FA /* CardView.swift in Sources */,
				DECBAE592E20631E006165FA /* flectApp.swift in Sources */,
				DECBAE5A2E20631E006165FA /* PrimaryButton.swift in Sources */,
				DECBAE5B2E20631E006165FA /* EnhancedLoadingView.swift in Sources */,
				DECBAE5C2E20631E006165FA /* HapticManager.swift in Sources */,
				DEEBCE3E2E2178F9000630D1 /* SprintService.swift in Sources */,
				DEEBCE3F2E2178F9000630D1 /* TaskService.swift in Sources */,
				DEEBCE512E217914000630D1 /* SprintCreationView.swift in Sources */,
				DEEBCE522E217914000630D1 /* SprintPlanningView.swift in Sources */,
				DEEBCE532E217914000630D1 /* SprintTrackingView.swift in Sources */,
				DEEBCE542E217914000630D1 /* TaskManagementView.swift in Sources */,
				DEEBCE552E217914000630D1 /* WeeklyInsightsView.swift in Sources */,
				DECBAE5D2E20631E006165FA /* CheckIn.swift in Sources */,
				DECBAE902E2087FE006165FA /* Goals.swift in Sources */,
				DECBAE5E2E20631E006165FA /* InsightCard.swift in Sources */,
				DECBAE5F2E20631E006165FA /* QuickCheckInView.swift in Sources */,
				DECBAE792E206ACE006165FA /* (null) in Sources */,
				DECBAE602E20631E006165FA /* LaunchScreen.swift in Sources */,
				DECBAE8B2E208470006165FA /* EnhancedGoalOnboardingView.swift in Sources */,
				DECBAE8C2E208470006165FA /* MorningInsightsView.swift in Sources */,
				DECBAE922E208807006165FA /* GoalService.swift in Sources */,
				DEEBCE6E2E218082000630D1 /* SharedTypes.swift in Sources */,
				DEEBCE6F2E218082000630D1 /* Sprint.swift in Sources */,
				DECBAE612E20631E006165FA /* DaylioCheckInView.swift in Sources */,
				DECBAE752E206AC1006165FA /* (null) in Sources */,
				DECBAE622E20631E006165FA /* MoodChartView.swift in Sources */,
				DECBAE632E20631E006165FA /* HomeView.swift in Sources */,
				DECBAE642E20631E006165FA /* CheckInService.swift in Sources */,
				DEEBCE752E21A932000630D1 /* MultiStepCheckInView.swift in Sources */,
				PERSONALITY003ABCDEF123456 /* PersonalityProfile.swift in Sources */,
				PERSONALITY004ABCDEF123456 /* PersonalityQuizView.swift in Sources */,
				TRIALPAYWALL02ABCDEF123456 /* TrialPaywallView.swift in Sources */,
			);
			runOnlyForDeploymentPostprocessing = 0;
		};
		AF5E433D2E15C04F00F1D345 /* Sources */ = {
			isa = PBXSourcesBuildPhase;
			buildActionMask = 2147483647;
			files = (
				DECBAE652E20631E006165FA /* Colors.swift in Sources */,
				DECBAE7E2E206AE0006165FA /* HistoryView.swift in Sources */,
				DECBAE7F2E206AE0006165FA /* GoalOnboardingView.swift in Sources */,
				DECBAE662E20631E006165FA /* ContentView.swift in Sources */,
				DECBAE672E20631E006165FA /* CardView.swift in Sources */,
				DECBAE682E20631E006165FA /* flectApp.swift in Sources */,
				DECBAE692E20631E006165FA /* PrimaryButton.swift in Sources */,
				DECBAE6A2E20631E006165FA /* EnhancedLoadingView.swift in Sources */,
				DECBAE6B2E20631E006165FA /* HapticManager.swift in Sources */,
				DEEBCE3C2E2178F9000630D1 /* SprintService.swift in Sources */,
				DEEBCE3D2E2178F9000630D1 /* TaskService.swift in Sources */,
				DEEBCE4C2E217914000630D1 /* SprintCreationView.swift in Sources */,
				DEEBCE4D2E217914000630D1 /* SprintPlanningView.swift in Sources */,
				DEEBCE4E2E217914000630D1 /* SprintTrackingView.swift in Sources */,
				DEEBCE4F2E217914000630D1 /* TaskManagementView.swift in Sources */,
				DEEBCE502E217914000630D1 /* WeeklyInsightsView.swift in Sources */,
				DECBAE6C2E20631E006165FA /* CheckIn.swift in Sources */,
				DECBAE8E2E2087FE006165FA /* Goals.swift in Sources */,
				DECBAE6D2E20631E006165FA /* InsightCard.swift in Sources */,
				DECBAE6E2E20631E006165FA /* QuickCheckInView.swift in Sources */,
				DECBAE7A2E206ACE006165FA /* (null) in Sources */,
				DECBAE6F2E20631E006165FA /* LaunchScreen.swift in Sources */,
				DECBAE872E208470006165FA /* EnhancedGoalOnboardingView.swift in Sources */,
				DECBAE882E208470006165FA /* MorningInsightsView.swift in Sources */,
				DECBAE942E208807006165FA /* GoalService.swift in Sources */,
				DEEBCE6C2E218082000630D1 /* SharedTypes.swift in Sources */,
				DEEBCE6D2E218082000630D1 /* Sprint.swift in Sources */,
				DECBAE702E20631E006165FA /* DaylioCheckInView.swift in Sources */,
				DECBAE762E206AC1006165FA /* (null) in Sources */,
				DECBAE712E20631E006165FA /* MoodChartView.swift in Sources */,
				DECBAE722E20631E006165FA /* HomeView.swift in Sources */,
				DECBAE732E20631E006165FA /* CheckInService.swift in Sources */,
				DEEBCE742E21A932000630D1 /* MultiStepCheckInView.swift in Sources */,
				PERSONALITY005ABCDEF123456 /* PersonalityProfile.swift in Sources */,
				PERSONALITY006ABCDEF123456 /* PersonalityQuizView.swift in Sources */,
				TRIALPAYWALL03ABCDEF123456 /* TrialPaywallView.swift in Sources */,
			);
			runOnlyForDeploymentPostprocessing = 0;
		};
/* End PBXSourcesBuildPhase section */

/* Begin PBXTargetDependency section */
		AF5E43392E15C04F00F1D345 /* PBXTargetDependency */ = {
			isa = PBXTargetDependency;
			target = AF5E43262E15C04C00F1D345 /* flect */;
			targetProxy = AF5E43382E15C04F00F1D345 /* PBXContainerItemProxy */;
		};
		AF5E43432E15C04F00F1D345 /* PBXTargetDependency */ = {
			isa = PBXTargetDependency;
			target = AF5E43262E15C04C00F1D345 /* flect */;
			targetProxy = AF5E43422E15C04F00F1D345 /* PBXContainerItemProxy */;
		};
/* End PBXTargetDependency section */

/* Begin XCBuildConfiguration section */
		AF5E43492E15C04F00F1D345 /* Debug */ = {
			isa = XCBuildConfiguration;
			buildSettings = {
				ALWAYS_SEARCH_USER_PATHS = NO;
				ASSETCATALOG_COMPILER_GENERATE_SWIFT_ASSET_SYMBOL_EXTENSIONS = YES;
				CLANG_ANALYZER_NONNULL = YES;
				CLANG_ANALYZER_NUMBER_OBJECT_CONVERSION = YES_AGGRESSIVE;
				CLANG_CXX_LANGUAGE_STANDARD = "gnu++20";
				CLANG_ENABLE_MODULES = YES;
				CLANG_ENABLE_OBJC_ARC = YES;
				CLANG_ENABLE_OBJC_WEAK = YES;
				CLANG_WARN_BLOCK_CAPTURE_AUTORELEASING = YES;
				CLANG_WARN_BOOL_CONVERSION = YES;
				CLANG_WARN_COMMA = YES;
				CLANG_WARN_CONSTANT_CONVERSION = YES;
				CLANG_WARN_DEPRECATED_OBJC_IMPLEMENTATIONS = YES;
				CLANG_WARN_DIRECT_OBJC_ISA_USAGE = YES_ERROR;
				CLANG_WARN_DOCUMENTATION_COMMENTS = YES;
				CLANG_WARN_EMPTY_BODY = YES;
				CLANG_WARN_ENUM_CONVERSION = YES;
				CLANG_WARN_INFINITE_RECURSION = YES;
				CLANG_WARN_INT_CONVERSION = YES;
				CLANG_WARN_NON_LITERAL_NULL_CONVERSION = YES;
				CLANG_WARN_OBJC_IMPLICIT_RETAIN_SELF = YES;
				CLANG_WARN_OBJC_LITERAL_CONVERSION = YES;
				CLANG_WARN_OBJC_ROOT_CLASS = YES_ERROR;
				CLANG_WARN_QUOTED_INCLUDE_IN_FRAMEWORK_HEADER = YES;
				CLANG_WARN_RANGE_LOOP_ANALYSIS = YES;
				CLANG_WARN_STRICT_PROTOTYPES = YES;
				CLANG_WARN_SUSPICIOUS_MOVE = YES;
				CLANG_WARN_UNGUARDED_AVAILABILITY = YES_AGGRESSIVE;
				CLANG_WARN_UNREACHABLE_CODE = YES;
				CLANG_WARN__DUPLICATE_METHOD_MATCH = YES;
				COPY_PHASE_STRIP = NO;
				DEBUG_INFORMATION_FORMAT = dwarf;
				DEVELOPMENT_TEAM = 2UW4CC7QB3;
				ENABLE_STRICT_OBJC_MSGSEND = YES;
				ENABLE_TESTABILITY = YES;
				ENABLE_USER_SCRIPT_SANDBOXING = YES;
				GCC_C_LANGUAGE_STANDARD = gnu17;
				GCC_DYNAMIC_NO_PIC = NO;
				GCC_NO_COMMON_BLOCKS = YES;
				GCC_OPTIMIZATION_LEVEL = 0;
				GCC_PREPROCESSOR_DEFINITIONS = (
					"DEBUG=1",
					"$(inherited)",
				);
				GCC_WARN_64_TO_32_BIT_CONVERSION = YES;
				GCC_WARN_ABOUT_RETURN_TYPE = YES_ERROR;
				GCC_WARN_UNDECLARED_SELECTOR = YES;
				GCC_WARN_UNINITIALIZED_AUTOS = YES_AGGRESSIVE;
				GCC_WARN_UNUSED_FUNCTION = YES;
				GCC_WARN_UNUSED_VARIABLE = YES;
				IPHONEOS_DEPLOYMENT_TARGET = 17.5;
				LOCALIZATION_PREFERS_STRING_CATALOGS = YES;
				MTL_ENABLE_DEBUG_INFO = INCLUDE_SOURCE;
				MTL_FAST_MATH = YES;
				ONLY_ACTIVE_ARCH = YES;
				SDKROOT = iphoneos;
				SWIFT_ACTIVE_COMPILATION_CONDITIONS = "DEBUG $(inherited)";
				SWIFT_OPTIMIZATION_LEVEL = "-Onone";
			};
			name = Debug;
		};
		AF5E434A2E15C04F00F1D345 /* Release */ = {
			isa = XCBuildConfiguration;
			buildSettings = {
				ALWAYS_SEARCH_USER_PATHS = NO;
				ASSETCATALOG_COMPILER_GENERATE_SWIFT_ASSET_SYMBOL_EXTENSIONS = YES;
				CLANG_ANALYZER_NONNULL = YES;
				CLANG_ANALYZER_NUMBER_OBJECT_CONVERSION = YES_AGGRESSIVE;
				CLANG_CXX_LANGUAGE_STANDARD = "gnu++20";
				CLANG_ENABLE_MODULES = YES;
				CLANG_ENABLE_OBJC_ARC = YES;
				CLANG_ENABLE_OBJC_WEAK = YES;
				CLANG_WARN_BLOCK_CAPTURE_AUTORELEASING = YES;
				CLANG_WARN_BOOL_CONVERSION = YES;
				CLANG_WARN_COMMA = YES;
				CLANG_WARN_CONSTANT_CONVERSION = YES;
				CLANG_WARN_DEPRECATED_OBJC_IMPLEMENTATIONS = YES;
				CLANG_WARN_DIRECT_OBJC_ISA_USAGE = YES_ERROR;
				CLANG_WARN_DOCUMENTATION_COMMENTS = YES;
				CLANG_WARN_EMPTY_BODY = YES;
				CLANG_WARN_ENUM_CONVERSION = YES;
				CLANG_WARN_INFINITE_RECURSION = YES;
				CLANG_WARN_INT_CONVERSION = YES;
				CLANG_WARN_NON_LITERAL_NULL_CONVERSION = YES;
				CLANG_WARN_OBJC_IMPLICIT_RETAIN_SELF = YES;
				CLANG_WARN_OBJC_LITERAL_CONVERSION = YES;
				CLANG_WARN_OBJC_ROOT_CLASS = YES_ERROR;
				CLANG_WARN_QUOTED_INCLUDE_IN_FRAMEWORK_HEADER = YES;
				CLANG_WARN_RANGE_LOOP_ANALYSIS = YES;
				CLANG_WARN_STRICT_PROTOTYPES = YES;
				CLANG_WARN_SUSPICIOUS_MOVE = YES;
				CLANG_WARN_UNGUARDED_AVAILABILITY = YES_AGGRESSIVE;
				CLANG_WARN_UNREACHABLE_CODE = YES;
				CLANG_WARN__DUPLICATE_METHOD_MATCH = YES;
				COPY_PHASE_STRIP = NO;
				DEBUG_INFORMATION_FORMAT = "dwarf-with-dsym";
				DEVELOPMENT_TEAM = 2UW4CC7QB3;
				ENABLE_NS_ASSERTIONS = NO;
				ENABLE_STRICT_OBJC_MSGSEND = YES;
				ENABLE_USER_SCRIPT_SANDBOXING = YES;
				GCC_C_LANGUAGE_STANDARD = gnu17;
				GCC_NO_COMMON_BLOCKS = YES;
				GCC_WARN_64_TO_32_BIT_CONVERSION = YES;
				GCC_WARN_ABOUT_RETURN_TYPE = YES_ERROR;
				GCC_WARN_UNDECLARED_SELECTOR = YES;
				GCC_WARN_UNINITIALIZED_AUTOS = YES_AGGRESSIVE;
				GCC_WARN_UNUSED_FUNCTION = YES;
				GCC_WARN_UNUSED_VARIABLE = YES;
				IPHONEOS_DEPLOYMENT_TARGET = 17.5;
				LOCALIZATION_PREFERS_STRING_CATALOGS = YES;
				MTL_ENABLE_DEBUG_INFO = NO;
				MTL_FAST_MATH = YES;
				SDKROOT = iphoneos;
				SWIFT_COMPILATION_MODE = wholemodule;
				VALIDATE_PRODUCT = YES;
			};
			name = Release;
		};
		AF5E434C2E15C04F00F1D345 /* Debug */ = {
			isa = XCBuildConfiguration;
			buildSettings = {
				ASSETCATALOG_COMPILER_APPICON_NAME = AppIcon;
				ASSETCATALOG_COMPILER_GLOBAL_ACCENT_COLOR_NAME = AccentColor;
				CODE_SIGN_STYLE = Automatic;
				CURRENT_PROJECT_VERSION = 1;
				DEVELOPMENT_ASSET_PATHS = "\"flect/Preview Content\"";
				ENABLE_PREVIEWS = YES;
				GENERATE_INFOPLIST_FILE = NO;
				INFOPLIST_FILE = flect/Info.plist;
				INFOPLIST_KEY_UIApplicationSceneManifest_Generation = YES;
				INFOPLIST_KEY_UIApplicationSupportsIndirectInputEvents = YES;
				INFOPLIST_KEY_UILaunchScreen_Generation = YES;
				INFOPLIST_KEY_UISupportedInterfaceOrientations_iPad = "UIInterfaceOrientationPortrait UIInterfaceOrientationPortraitUpsideDown UIInterfaceOrientationLandscapeLeft UIInterfaceOrientationLandscapeRight";
				INFOPLIST_KEY_UISupportedInterfaceOrientations_iPhone = "UIInterfaceOrientationPortrait UIInterfaceOrientationLandscapeLeft UIInterfaceOrientationLandscapeRight";
				LD_RUNPATH_SEARCH_PATHS = (
					"$(inherited)",
					"@executable_path/Frameworks",
				);
				MARKETING_VERSION = 1.0;
				PRODUCT_BUNDLE_IDENTIFIER = com.getflect.flect;
				PRODUCT_NAME = "$(TARGET_NAME)";
				SWIFT_EMIT_LOC_STRINGS = YES;
				SWIFT_VERSION = 5.0;
				TARGETED_DEVICE_FAMILY = "1,2";
			};
			name = Debug;
		};
		AF5E434D2E15C04F00F1D345 /* Release */ = {
			isa = XCBuildConfiguration;
			buildSettings = {
				ASSETCATALOG_COMPILER_APPICON_NAME = AppIcon;
				ASSETCATALOG_COMPILER_GLOBAL_ACCENT_COLOR_NAME = AccentColor;
				CODE_SIGN_STYLE = Automatic;
				CURRENT_PROJECT_VERSION = 1;
				DEVELOPMENT_ASSET_PATHS = "\"flect/Preview Content\"";
				ENABLE_PREVIEWS = YES;
				GENERATE_INFOPLIST_FILE = NO;
				INFOPLIST_FILE = flect/Info.plist;
				INFOPLIST_KEY_UIApplicationSceneManifest_Generation = YES;
				INFOPLIST_KEY_UIApplicationSupportsIndirectInputEvents = YES;
				INFOPLIST_KEY_UILaunchScreen_Generation = YES;
				INFOPLIST_KEY_UISupportedInterfaceOrientations_iPad = "UIInterfaceOrientationPortrait UIInterfaceOrientationPortraitUpsideDown UIInterfaceOrientationLandscapeLeft UIInterfaceOrientationLandscapeRight";
				INFOPLIST_KEY_UISupportedInterfaceOrientations_iPhone = "UIInterfaceOrientationPortrait UIInterfaceOrientationLandscapeLeft UIInterfaceOrientationLandscapeRight";
				LD_RUNPATH_SEARCH_PATHS = (
					"$(inherited)",
					"@executable_path/Frameworks",
				);
				MARKETING_VERSION = 1.0;
				PRODUCT_BUNDLE_IDENTIFIER = com.getflect.flect;
				PRODUCT_NAME = "$(TARGET_NAME)";
				SWIFT_EMIT_LOC_STRINGS = YES;
				SWIFT_VERSION = 5.0;
				TARGETED_DEVICE_FAMILY = "1,2";
			};
			name = Release;
		};
		AF5E434F2E15C04F00F1D345 /* Debug */ = {
			isa = XCBuildConfiguration;
			buildSettings = {
				BUNDLE_LOADER = "$(TEST_HOST)";
				CODE_SIGN_STYLE = Automatic;
				CURRENT_PROJECT_VERSION = 1;
				GENERATE_INFOPLIST_FILE = YES;
				IPHONEOS_DEPLOYMENT_TARGET = 17.5;
				MARKETING_VERSION = 1.0;
				PRODUCT_BUNDLE_IDENTIFIER = com.getflect.flectTests;
				PRODUCT_NAME = "$(TARGET_NAME)";
				SWIFT_EMIT_LOC_STRINGS = NO;
				SWIFT_VERSION = 5.0;
				TARGETED_DEVICE_FAMILY = "1,2";
				TEST_HOST = "$(BUILT_PRODUCTS_DIR)/flect.app/$(BUNDLE_EXECUTABLE_FOLDER_PATH)/flect";
			};
			name = Debug;
		};
		AF5E43502E15C04F00F1D345 /* Release */ = {
			isa = XCBuildConfiguration;
			buildSettings = {
				BUNDLE_LOADER = "$(TEST_HOST)";
				CODE_SIGN_STYLE = Automatic;
				CURRENT_PROJECT_VERSION = 1;
				GENERATE_INFOPLIST_FILE = YES;
				IPHONEOS_DEPLOYMENT_TARGET = 17.5;
				MARKETING_VERSION = 1.0;
				PRODUCT_BUNDLE_IDENTIFIER = com.getflect.flectTests;
				PRODUCT_NAME = "$(TARGET_NAME)";
				SWIFT_EMIT_LOC_STRINGS = NO;
				SWIFT_VERSION = 5.0;
				TARGETED_DEVICE_FAMILY = "1,2";
				TEST_HOST = "$(BUILT_PRODUCTS_DIR)/flect.app/$(BUNDLE_EXECUTABLE_FOLDER_PATH)/flect";
			};
			name = Release;
		};
		AF5E43522E15C04F00F1D345 /* Debug */ = {
			isa = XCBuildConfiguration;
			buildSettings = {
				CODE_SIGN_STYLE = Automatic;
				CURRENT_PROJECT_VERSION = 1;
				GENERATE_INFOPLIST_FILE = YES;
				MARKETING_VERSION = 1.0;
				PRODUCT_BUNDLE_IDENTIFIER = com.getflect.flectUITests;
				PRODUCT_NAME = "$(TARGET_NAME)";
				SWIFT_EMIT_LOC_STRINGS = NO;
				SWIFT_VERSION = 5.0;
				TARGETED_DEVICE_FAMILY = "1,2";
				TEST_TARGET_NAME = flect;
			};
			name = Debug;
		};
		AF5E43532E15C04F00F1D345 /* Release */ = {
			isa = XCBuildConfiguration;
			buildSettings = {
				CODE_SIGN_STYLE = Automatic;
				CURRENT_PROJECT_VERSION = 1;
				GENERATE_INFOPLIST_FILE = YES;
				MARKETING_VERSION = 1.0;
				PRODUCT_BUNDLE_IDENTIFIER = com.getflect.flectUITests;
				PRODUCT_NAME = "$(TARGET_NAME)";
				SWIFT_EMIT_LOC_STRINGS = NO;
				SWIFT_VERSION = 5.0;
				TARGETED_DEVICE_FAMILY = "1,2";
				TEST_TARGET_NAME = flect;
			};
			name = Release;
		};
/* End XCBuildConfiguration section */

/* Begin XCConfigurationList section */
		AF5E43222E15C04C00F1D345 /* Build configuration list for PBXProject "flect" */ = {
			isa = XCConfigurationList;
			buildConfigurations = (
				AF5E43492E15C04F00F1D345 /* Debug */,
				AF5E434A2E15C04F00F1D345 /* Release */,
			);
			defaultConfigurationIsVisible = 0;
			defaultConfigurationName = Release;
		};
		AF5E434B2E15C04F00F1D345 /* Build configuration list for PBXNativeTarget "flect" */ = {
			isa = XCConfigurationList;
			buildConfigurations = (
				AF5E434C2E15C04F00F1D345 /* Debug */,
				AF5E434D2E15C04F00F1D345 /* Release */,
			);
			defaultConfigurationIsVisible = 0;
			defaultConfigurationName = Release;
		};
		AF5E434E2E15C04F00F1D345 /* Build configuration list for PBXNativeTarget "flectTests" */ = {
			isa = XCConfigurationList;
			buildConfigurations = (
				AF5E434F2E15C04F00F1D345 /* Debug */,
				AF5E43502E15C04F00F1D345 /* Release */,
			);
			defaultConfigurationIsVisible = 0;
			defaultConfigurationName = Release;
		};
		AF5E43512E15C04F00F1D345 /* Build configuration list for PBXNativeTarget "flectUITests" */ = {
			isa = XCConfigurationList;
			buildConfigurations = (
				AF5E43522E15C04F00F1D345 /* Debug */,
				AF5E43532E15C04F00F1D345 /* Release */,
			);
			defaultConfigurationIsVisible = 0;
			defaultConfigurationName = Release;
		};
/* End XCConfigurationList section */

/* Begin XCRemoteSwiftPackageReference section */
		AF5E43502E15C05000F1D345 /* XCRemoteSwiftPackageReference "supabase-swift" */ = {
			isa = XCRemoteSwiftPackageReference;
			repositoryURL = "https://github.com/supabase/supabase-swift.git";
			requirement = {
				kind = upToNextMajorVersion;
				minimumVersion = 2.0.0;
			};
		};
/* End XCRemoteSwiftPackageReference section */

/* Begin XCSwiftPackageProductDependency section */
		AF5E43512E15C05000F1D345 /* Supabase */ = {
			isa = XCSwiftPackageProductDependency;
			package = AF5E43502E15C05000F1D345 /* XCRemoteSwiftPackageReference "supabase-swift" */;
			productName = Supabase;
		};
/* End XCSwiftPackageProductDependency section */
	};
	rootObject = AF5E431F2E15C04C00F1D345 /* Project object */;
}
